
Microsoft Visual Studio Solution File, Format Version 12.00
# Visual Studio Version 17
VisualStudioVersion = 17.0.31903.59
MinimumVisualStudioVersion = 10.0.40219.1
Project("{9A19103F-16F7-4668-BE54-9A1E7A4F7556}") = "Automate.Application", "Automate.Application\Automate.Application.csproj", "{B9FA64D7-CB3B-4D88-8019-6BDFA0682492}"
EndProject
Project("{9A19103F-16F7-4668-BE54-9A1E7A4F7556}") = "Automate.Cli", "Automate.Cli\Automate.Cli.csproj", "{66278656-2777-434C-9447-40547163C732}"
EndProject
Project("{9A19103F-16F7-4668-BE54-9A1E7A4F7556}") = "Automate.Domain", "Automate.Domain\Automate.Domain.csproj", "{694A5611-39F5-4921-981D-8794496740F6}"
EndProject
Project("{9A19103F-16F7-4668-BE54-9A1E7A4F7556}") = "Automate.Domain.Test", "Automate.Domain.Test\Automate.Domain.Test.csproj", "{EF8FC2A1-B17D-492C-9192-0695E6D8B152}"
EndProject
Project("{9A19103F-16F7-4668-BE54-9A1E7A4F7556}") = "Automate.Infrastructure", "Automate.Infrastructure\Automate.Infrastructure.csproj", "{8379EB2A-5D64-4A59-9897-717AF9AB698F}"
EndProject
Project("{9A19103F-16F7-4668-BE54-9A1E7A4F7556}") = "Automate.Infrastructure.Test", "Automate.Infrastructure.Test\Automate.Infrastructure.Test.csproj", "{9A7259CC-9568-400D-9045-15B558C8DF4E}"
EndProject
Project("{2150E333-8FDC-42A3-9474-1A3956D46DE8}") = "src", "src", "{24010172-1BFF-41F8-B843-D0C14FB44C42}"
EndProject
Project("{2150E333-8FDC-42A3-9474-1A3956D46DE8}") = "test", "test", "{CA84C872-80AF-4F21-8CDD-824AD7442561}"
EndProject
Project("{2150E333-8FDC-42A3-9474-1A3956D46DE8}") = "git", "git", "{F0C99140-5C61-48DA-AF1B-98A1609A83C2}"
	ProjectSection(SolutionItems) = preProject
		.gitignore = .gitignore
	EndProjectSection
EndProject
Project("{2150E333-8FDC-42A3-9474-1A3956D46DE8}") = "info", "info", "{DD91B9B7-0058-482D-92DB-E444C6B66860}"
	ProjectSection(SolutionItems) = preProject
		.info_VersionNaming.txt = .info_VersionNaming.txt
		ForceUpdateRepos.bat = ForceUpdateRepos.bat
		LeafRepo Manual.bat = LeafRepo Manual.bat
		LeafRepo.bat = LeafRepo.bat
		Lotus.bat = Lotus.bat
		MasterTask.bat = MasterTask.bat
		OpenFiles.bat = OpenFiles.bat
		Queries.bat = Queries.bat
		ReportGeneration.bat = ReportGeneration.bat
		test.bat = test.bat
		TrackReportChanges.bat = TrackReportChanges.bat
	EndProjectSection
EndProject
Project("{9A19103F-16F7-4668-BE54-9A1E7A4F7556}") = "Automate.Translation", "Automate.Translation\Automate.Translation.csproj", "{14BFA317-07A8-46A3-B349-D68B0DD49240}"
EndProject
Project("{9A19103F-16F7-4668-BE54-9A1E7A4F7556}") = "Automate.Translation.Test", "Automate.Translation.Test\Automate.Translation.Test.csproj", "{4FD13D58-2D54-485F-A5BA-DA6605CBC5FC}"
EndProject
Global
	GlobalSection(SolutionConfigurationPlatforms) = preSolution
		Debug|Any CPU = Debug|Any CPU
		Release|Any CPU = Release|Any CPU
	EndGlobalSection
	GlobalSection(ProjectConfigurationPlatforms) = postSolution
		{B9FA64D7-CB3B-4D88-8019-6BDFA0682492}.Debug|Any CPU.ActiveCfg = Debug|Any CPU
		{B9FA64D7-CB3B-4D88-8019-6BDFA0682492}.Debug|Any CPU.Build.0 = Debug|Any CPU
		{B9FA64D7-CB3B-4D88-8019-6BDFA0682492}.Release|Any CPU.ActiveCfg = Release|Any CPU
		{B9FA64D7-CB3B-4D88-8019-6BDFA0682492}.Release|Any CPU.Build.0 = Release|Any CPU
		{66278656-2777-434C-9447-40547163C732}.Debug|Any CPU.ActiveCfg = Debug|Any CPU
		{66278656-2777-434C-9447-40547163C732}.Debug|Any CPU.Build.0 = Debug|Any CPU
		{66278656-2777-434C-9447-40547163C732}.Release|Any CPU.ActiveCfg = Release|Any CPU
		{66278656-2777-434C-9447-40547163C732}.Release|Any CPU.Build.0 = Release|Any CPU
		{694A5611-39F5-4921-981D-8794496740F6}.Debug|Any CPU.ActiveCfg = Debug|Any CPU
		{694A5611-39F5-4921-981D-8794496740F6}.Debug|Any CPU.Build.0 = Debug|Any CPU
		{694A5611-39F5-4921-981D-8794496740F6}.Release|Any CPU.ActiveCfg = Release|Any CPU
		{694A5611-39F5-4921-981D-8794496740F6}.Release|Any CPU.Build.0 = Release|Any CPU
		{EF8FC2A1-B17D-492C-9192-0695E6D8B152}.Debug|Any CPU.ActiveCfg = Debug|Any CPU
		{EF8FC2A1-B17D-492C-9192-0695E6D8B152}.Debug|Any CPU.Build.0 = Debug|Any CPU
		{EF8FC2A1-B17D-492C-9192-0695E6D8B152}.Release|Any CPU.ActiveCfg = Release|Any CPU
		{EF8FC2A1-B17D-492C-9192-0695E6D8B152}.Release|Any CPU.Build.0 = Release|Any CPU
		{8379EB2A-5D64-4A59-9897-717AF9AB698F}.Debug|Any CPU.ActiveCfg = Debug|Any CPU
		{8379EB2A-5D64-4A59-9897-717AF9AB698F}.Debug|Any CPU.Build.0 = Debug|Any CPU
		{8379EB2A-5D64-4A59-9897-717AF9AB698F}.Release|Any CPU.ActiveCfg = Release|Any CPU
		{8379EB2A-5D64-4A59-9897-717AF9AB698F}.Release|Any CPU.Build.0 = Release|Any CPU
		{9A7259CC-9568-400D-9045-15B558C8DF4E}.Debug|Any CPU.ActiveCfg = Debug|Any CPU
		{9A7259CC-9568-400D-9045-15B558C8DF4E}.Debug|Any CPU.Build.0 = Debug|Any CPU
		{9A7259CC-9568-400D-9045-15B558C8DF4E}.Release|Any CPU.ActiveCfg = Release|Any CPU
		{9A7259CC-9568-400D-9045-15B558C8DF4E}.Release|Any CPU.Build.0 = Release|Any CPU
		{14BFA317-07A8-46A3-B349-D68B0DD49240}.Debug|Any CPU.ActiveCfg = Debug|Any CPU
		{14BFA317-07A8-46A3-B349-D68B0DD49240}.Debug|Any CPU.Build.0 = Debug|Any CPU
		{14BFA317-07A8-46A3-B349-D68B0DD49240}.Release|Any CPU.ActiveCfg = Release|Any CPU
		{14BFA317-07A8-46A3-B349-D68B0DD49240}.Release|Any CPU.Build.0 = Release|Any CPU
		{4FD13D58-2D54-485F-A5BA-DA6605CBC5FC}.Debug|Any CPU.ActiveCfg = Debug|Any CPU
		{4FD13D58-2D54-485F-A5BA-DA6605CBC5FC}.Debug|Any CPU.Build.0 = Debug|Any CPU
		{4FD13D58-2D54-485F-A5BA-DA6605CBC5FC}.Release|Any CPU.ActiveCfg = Release|Any CPU
		{4FD13D58-2D54-485F-A5BA-DA6605CBC5FC}.Release|Any CPU.Build.0 = Release|Any CPU
	EndGlobalSection
	GlobalSection(SolutionProperties) = preSolution
		HideSolutionNode = FALSE
	EndGlobalSection
	GlobalSection(NestedProjects) = preSolution
		{B9FA64D7-CB3B-4D88-8019-6BDFA0682492} = {24010172-1BFF-41F8-B843-D0C14FB44C42}
		{66278656-2777-434C-9447-40547163C732} = {24010172-1BFF-41F8-B843-D0C14FB44C42}
		{694A5611-39F5-4921-981D-8794496740F6} = {24010172-1BFF-41F8-B843-D0C14FB44C42}
		{EF8FC2A1-B17D-492C-9192-0695E6D8B152} = {CA84C872-80AF-4F21-8CDD-824AD7442561}
		{8379EB2A-5D64-4A59-9897-717AF9AB698F} = {24010172-1BFF-41F8-B843-D0C14FB44C42}
		{9A7259CC-9568-400D-9045-15B558C8DF4E} = {CA84C872-80AF-4F21-8CDD-824AD7442561}
		{14BFA317-07A8-46A3-B349-D68B0DD49240} = {24010172-1BFF-41F8-B843-D0C14FB44C42}
		{4FD13D58-2D54-485F-A5BA-DA6605CBC5FC} = {CA84C872-80AF-4F21-8CDD-824AD7442561}
	EndGlobalSection
	GlobalSection(ExtensibilityGlobals) = postSolution
		SolutionGuid = {7CB7B1B9-E01C-4B66-863D-F3F5B9239256}
	EndGlobalSection
EndGlobal
